
Microsoft Visual Studio Solution File, Format Version 12.00
# Visual Studio Version 17
VisualStudioVersion = 17.8.34601.278
MinimumVisualStudioVersion = 10.0.40219.1
Project("{FAE04EC0-301F-11D3-BF4B-00C04F79EFBC}") = "PasswordForIdentity", "PasswordForIdentity\PasswordForIdentity.csproj", "{CDDFCD4D-0D41-4422-84C4-86A3621918C6}"
EndProject
Global
	GlobalSection(SolutionConfigurationPlatforms) = preSolution
		Debug|Any CPU = Debug|Any CPU
		Release|Any CPU = Release|Any CPU
	EndGlobalSection
	GlobalSection(ProjectConfigurationPlatforms) = postSolution
		{CDDFCD4D-0D41-4422-84C4-86A3621918C6}.Debug|Any CPU.ActiveCfg = Debug|Any CPU
		{CDDFCD4D-0D41-4422-84C4-86A3621918C6}.Debug|Any CPU.Build.0 = Debug|Any CPU
		{CDDFCD4D-0D41-4422-84C4-86A3621918C6}.Release|Any CPU.ActiveCfg = Release|Any CPU
		{CDDFCD4D-0D41-4422-84C4-86A3621918C6}.Release|Any CPU.Build.0 = Release|Any CPU
	EndGlobalSection
	GlobalSection(SolutionProperties) = preSolution
		HideSolutionNode = FALSE
	EndGlobalSection
	GlobalSection(ExtensibilityGlobals) = postSolution
		SolutionGuid = {858E8636-3829-4DBE-8A22-F5552CB1EA22}
	EndGlobalSection
EndGlobal
